
Microsoft Visual Studio Solution File, Format Version 12.00
# Visual Studio 15
VisualStudioVersion = 15.0.26730.16
MinimumVisualStudioVersion = 10.0.40219.1
Project("{FAE04EC0-301F-11D3-BF4B-00C04F79EFBC}") = "zombi", "zombi\zombi.csproj", "{934626AF-64A2-4B4C-BE3F-82B5A78A033A}"
EndProject
Global
	GlobalSection(SolutionConfigurationPlatforms) = preSolution
		Debug|Any CPU = Debug|Any CPU
		Release|Any CPU = Release|Any CPU
	EndGlobalSection
	GlobalSection(ProjectConfigurationPlatforms) = postSolution
		{934626AF-64A2-4B4C-BE3F-82B5A78A033A}.Debug|Any CPU.ActiveCfg = Debug|Any CPU
		{934626AF-64A2-4B4C-BE3F-82B5A78A033A}.Debug|Any CPU.Build.0 = Debug|Any CPU
		{934626AF-64A2-4B4C-BE3F-82B5A78A033A}.Release|Any CPU.ActiveCfg = Release|Any CPU
		{934626AF-64A2-4B4C-BE3F-82B5A78A033A}.Release|Any CPU.Build.0 = Release|Any CPU
	EndGlobalSection
	GlobalSection(SolutionProperties) = preSolution
		HideSolutionNode = FALSE
	EndGlobalSection
	GlobalSection(ExtensibilityGlobals) = postSolution
		SolutionGuid = {DFF58944-8BDA-497D-8B67-AE5D823764E9}
	EndGlobalSection
EndGlobal
