
Microsoft Visual Studio Solution File, Format Version 12.00
# Visual Studio 15
VisualStudioVersion = 15.0.26730.16
MinimumVisualStudioVersion = 10.0.40219.1
Project("{FAE04EC0-301F-11D3-BF4B-00C04F79EFBC}") = "bongeszo", "bongeszo\bongeszo.csproj", "{A3765E45-BCC3-49F3-9458-0E25FD2DD8EB}"
EndProject
Global
	GlobalSection(SolutionConfigurationPlatforms) = preSolution
		Debug|Any CPU = Debug|Any CPU
		Release|Any CPU = Release|Any CPU
	EndGlobalSection
	GlobalSection(ProjectConfigurationPlatforms) = postSolution
		{A3765E45-BCC3-49F3-9458-0E25FD2DD8EB}.Debug|Any CPU.ActiveCfg = Debug|Any CPU
		{A3765E45-BCC3-49F3-9458-0E25FD2DD8EB}.Debug|Any CPU.Build.0 = Debug|Any CPU
		{A3765E45-BCC3-49F3-9458-0E25FD2DD8EB}.Release|Any CPU.ActiveCfg = Release|Any CPU
		{A3765E45-BCC3-49F3-9458-0E25FD2DD8EB}.Release|Any CPU.Build.0 = Release|Any CPU
	EndGlobalSection
	GlobalSection(SolutionProperties) = preSolution
		HideSolutionNode = FALSE
	EndGlobalSection
	GlobalSection(ExtensibilityGlobals) = postSolution
		SolutionGuid = {15976187-B680-40FF-844B-3A39F8161F9F}
	EndGlobalSection
EndGlobal
